
Microsoft Visual Studio Solution File, Format Version 12.00
# Visual Studio Version 17
VisualStudioVersion = 17.8.34330.188
MinimumVisualStudioVersion = 10.0.40219.1
Project("{FAE04EC0-301F-11D3-BF4B-00C04F79EFBC}") = "Unit_Of_Work_Rep_UI", "Unit_Of_Work_Rep\Unit_Of_Work_Rep_UI.csproj", "{78BEAAAA-4813-42CB-8BE2-7A687281DC9A}"
EndProject
Project("{FAE04EC0-301F-11D3-BF4B-00C04F79EFBC}") = "Unit_Of_Work.Core", "Unit_Of_Work.Core\Unit_Of_Work.Core.csproj", "{3558FA07-D312-42B6-85C2-BA5D760C8825}"
EndProject
Project("{FAE04EC0-301F-11D3-BF4B-00C04F79EFBC}") = "Unit_Of_Work.Infrastructure", "Unit_Of_Work.Infrastructure\Unit_Of_Work.Infrastructure.csproj", "{DBA89A78-A92D-4F59-9FC0-EC09E57282B3}"
EndProject
Global
	GlobalSection(SolutionConfigurationPlatforms) = preSolution
		Debug|Any CPU = Debug|Any CPU
		Release|Any CPU = Release|Any CPU
	EndGlobalSection
	GlobalSection(ProjectConfigurationPlatforms) = postSolution
		{78BEAAAA-4813-42CB-8BE2-7A687281DC9A}.Debug|Any CPU.ActiveCfg = Debug|Any CPU
		{78BEAAAA-4813-42CB-8BE2-7A687281DC9A}.Debug|Any CPU.Build.0 = Debug|Any CPU
		{78BEAAAA-4813-42CB-8BE2-7A687281DC9A}.Release|Any CPU.ActiveCfg = Release|Any CPU
		{78BEAAAA-4813-42CB-8BE2-7A687281DC9A}.Release|Any CPU.Build.0 = Release|Any CPU
		{3558FA07-D312-42B6-85C2-BA5D760C8825}.Debug|Any CPU.ActiveCfg = Debug|Any CPU
		{3558FA07-D312-42B6-85C2-BA5D760C8825}.Debug|Any CPU.Build.0 = Debug|Any CPU
		{3558FA07-D312-42B6-85C2-BA5D760C8825}.Release|Any CPU.ActiveCfg = Release|Any CPU
		{3558FA07-D312-42B6-85C2-BA5D760C8825}.Release|Any CPU.Build.0 = Release|Any CPU
		{DBA89A78-A92D-4F59-9FC0-EC09E57282B3}.Debug|Any CPU.ActiveCfg = Debug|Any CPU
		{DBA89A78-A92D-4F59-9FC0-EC09E57282B3}.Debug|Any CPU.Build.0 = Debug|Any CPU
		{DBA89A78-A92D-4F59-9FC0-EC09E57282B3}.Release|Any CPU.ActiveCfg = Release|Any CPU
		{DBA89A78-A92D-4F59-9FC0-EC09E57282B3}.Release|Any CPU.Build.0 = Release|Any CPU
	EndGlobalSection
	GlobalSection(SolutionProperties) = preSolution
		HideSolutionNode = FALSE
	EndGlobalSection
	GlobalSection(ExtensibilityGlobals) = postSolution
		SolutionGuid = {7CCD385C-857C-4D06-A122-2DA0E752D907}
	EndGlobalSection
EndGlobal
